
Microsoft Visual Studio Solution File, Format Version 12.00
# Visual Studio Version 17
VisualStudioVersion = 17.4.33205.214
MinimumVisualStudioVersion = 10.0.40219.1
Project("{FAE04EC0-301F-11D3-BF4B-00C04F79EFBC}") = "APIFurnitureStore", "APIFurnitureStore.csproj", "{52771650-0E45-4CF1-B0C4-1B0320461DB0}"
EndProject
Global
	GlobalSection(SolutionConfigurationPlatforms) = preSolution
		Debug|Any CPU = Debug|Any CPU
		Release|Any CPU = Release|Any CPU
	EndGlobalSection
	GlobalSection(ProjectConfigurationPlatforms) = postSolution
		{52771650-0E45-4CF1-B0C4-1B0320461DB0}.Debug|Any CPU.ActiveCfg = Debug|Any CPU
		{52771650-0E45-4CF1-B0C4-1B0320461DB0}.Debug|Any CPU.Build.0 = Debug|Any CPU
		{52771650-0E45-4CF1-B0C4-1B0320461DB0}.Release|Any CPU.ActiveCfg = Release|Any CPU
		{52771650-0E45-4CF1-B0C4-1B0320461DB0}.Release|Any CPU.Build.0 = Release|Any CPU
	EndGlobalSection
	GlobalSection(SolutionProperties) = preSolution
		HideSolutionNode = FALSE
	EndGlobalSection
	GlobalSection(ExtensibilityGlobals) = postSolution
		SolutionGuid = {509FE8FD-B84C-4F5D-8B19-4A3E6B3AE190}
	EndGlobalSection
EndGlobal
